<Solution>
  <Project Path="CareerHub.API/CareerHub.API.csproj"                     Id="5e1268ac-5514-4194-9407-a9af78410978" />
  <Project Path="CareerHub.AppHost/CareerHub.AppHost.csproj"             Id="a3c9b1e2-1234-4321-abcd-bb1234567890" />
  <Project Path="CareerHub.ServiceDefaults/CareerHub.ServiceDefaults.csproj" Id="d7e4f2a1-5678-8765-efab-cc9876543210" />
</Solution>
